
Microsoft Visual Studio Solution File, Format Version 12.00
# Visual Studio Version 17
VisualStudioVersion = 17.7.34031.279
MinimumVisualStudioVersion = 10.0.40219.1
Project("{FAE04EC0-301F-11D3-BF4B-00C04F79EFBC}") = "IdleApi", "IdleApi\IdleApi.csproj", "{D25F715B-8D85-4136-AE94-6727BC2EE543}"
EndProject
Project("{2150E333-8FDC-42A3-9474-1A3956D46DE8}") = "Solution Items", "Solution Items", "{37553CD9-32FD-420E-BDA3-4513DDC8DA0D}"
	ProjectSection(SolutionItems) = preProject
		README.md = README.md
	EndProjectSection
EndProject
Project("{2150E333-8FDC-42A3-9474-1A3956D46DE8}") = "manifests", "manifests", "{B52A57E8-80E1-46A1-9DED-C715255391BA}"
	ProjectSection(SolutionItems) = preProject
		deployment.yaml = deployment.yaml
		service.yaml = service.yaml
	EndProjectSection
EndProject
Global
	GlobalSection(SolutionConfigurationPlatforms) = preSolution
		Debug|Any CPU = Debug|Any CPU
		Release|Any CPU = Release|Any CPU
	EndGlobalSection
	GlobalSection(ProjectConfigurationPlatforms) = postSolution
		{D25F715B-8D85-4136-AE94-6727BC2EE543}.Debug|Any CPU.ActiveCfg = Debug|Any CPU
		{D25F715B-8D85-4136-AE94-6727BC2EE543}.Debug|Any CPU.Build.0 = Debug|Any CPU
		{D25F715B-8D85-4136-AE94-6727BC2EE543}.Release|Any CPU.ActiveCfg = Release|Any CPU
		{D25F715B-8D85-4136-AE94-6727BC2EE543}.Release|Any CPU.Build.0 = Release|Any CPU
	EndGlobalSection
	GlobalSection(SolutionProperties) = preSolution
		HideSolutionNode = FALSE
	EndGlobalSection
	GlobalSection(ExtensibilityGlobals) = postSolution
		SolutionGuid = {6AD77823-9E11-49B2-8FB0-4BF7DB7772C5}
	EndGlobalSection
EndGlobal
